
Microsoft Visual Studio Solution File, Format Version 12.00
# Visual Studio 2013
VisualStudioVersion = 12.0.21005.1
MinimumVisualStudioVersion = 10.0.40219.1
Project("{FAE04EC0-301F-11D3-BF4B-00C04F79EFBC}") = "PageClass", "POMFramework\PageClass.csproj", "{0CA6E3EE-7094-4FE4-8749-223F4A0F77DA}"
EndProject
Project("{FAE04EC0-301F-11D3-BF4B-00C04F79EFBC}") = "BaseClassLibrary", "BaseClass\BaseClassLibrary.csproj", "{B5BDC55E-2117-4B7B-AA81-0C81067ED4AC}"
EndProject
Project("{FAE04EC0-301F-11D3-BF4B-00C04F79EFBC}") = "TestUtil", "TestUtil\TestUtil.csproj", "{4CC8D9EE-58D2-4544-9233-3A9B457587C2}"
EndProject
Project("{FAE04EC0-301F-11D3-BF4B-00C04F79EFBC}") = "TestCasesVerification", "TestClassess\TestCasesVerification.csproj", "{B7E8EBEC-815B-474C-A1E4-E887F6111131}"
EndProject
Project("{2150E333-8FDC-42A3-9474-1A3956D46DE8}") = ".nuget", ".nuget", "{3EE17A17-8D5F-448A-9A1B-BF1755637AB1}"
	ProjectSection(SolutionItems) = preProject
		.nuget\packages.config = .nuget\packages.config
	EndProjectSection
EndProject
Global
	GlobalSection(SolutionConfigurationPlatforms) = preSolution
		Debug|Any CPU = Debug|Any CPU
		Release|Any CPU = Release|Any CPU
	EndGlobalSection
	GlobalSection(ProjectConfigurationPlatforms) = postSolution
		{0CA6E3EE-7094-4FE4-8749-223F4A0F77DA}.Debug|Any CPU.ActiveCfg = Debug|Any CPU
		{0CA6E3EE-7094-4FE4-8749-223F4A0F77DA}.Debug|Any CPU.Build.0 = Debug|Any CPU
		{0CA6E3EE-7094-4FE4-8749-223F4A0F77DA}.Release|Any CPU.ActiveCfg = Release|Any CPU
		{0CA6E3EE-7094-4FE4-8749-223F4A0F77DA}.Release|Any CPU.Build.0 = Release|Any CPU
		{B5BDC55E-2117-4B7B-AA81-0C81067ED4AC}.Debug|Any CPU.ActiveCfg = Debug|Any CPU
		{B5BDC55E-2117-4B7B-AA81-0C81067ED4AC}.Debug|Any CPU.Build.0 = Debug|Any CPU
		{B5BDC55E-2117-4B7B-AA81-0C81067ED4AC}.Release|Any CPU.ActiveCfg = Release|Any CPU
		{B5BDC55E-2117-4B7B-AA81-0C81067ED4AC}.Release|Any CPU.Build.0 = Release|Any CPU
		{4CC8D9EE-58D2-4544-9233-3A9B457587C2}.Debug|Any CPU.ActiveCfg = Debug|Any CPU
		{4CC8D9EE-58D2-4544-9233-3A9B457587C2}.Debug|Any CPU.Build.0 = Debug|Any CPU
		{4CC8D9EE-58D2-4544-9233-3A9B457587C2}.Release|Any CPU.ActiveCfg = Release|Any CPU
		{4CC8D9EE-58D2-4544-9233-3A9B457587C2}.Release|Any CPU.Build.0 = Release|Any CPU
		{B7E8EBEC-815B-474C-A1E4-E887F6111131}.Debug|Any CPU.ActiveCfg = Debug|Any CPU
		{B7E8EBEC-815B-474C-A1E4-E887F6111131}.Debug|Any CPU.Build.0 = Debug|Any CPU
		{B7E8EBEC-815B-474C-A1E4-E887F6111131}.Release|Any CPU.ActiveCfg = Release|Any CPU
		{B7E8EBEC-815B-474C-A1E4-E887F6111131}.Release|Any CPU.Build.0 = Release|Any CPU
	EndGlobalSection
	GlobalSection(SolutionProperties) = preSolution
		HideSolutionNode = FALSE
	EndGlobalSection
EndGlobal
